// !$*UTF8*$!
{
	archiveVersion = 1;
	classes = {
	};
	objectVersion = 55;
	objects = {

/* Begin PBXBuildFile section */
		3D3EDAFE27C4CA69005BB7B7 /* AppDelegate.swift in Sources */ = {isa = PBXBuildFile; fileRef = 3D3EDAFD27C4CA69005BB7B7 /* AppDelegate.swift */; };
		3D3EDB0027C4CA69005BB7B7 /* SceneDelegate.swift in Sources */ = {isa = PBXBuildFile; fileRef = 3D3EDAFF27C4CA69005BB7B7 /* SceneDelegate.swift */; };
		3D3EDB0227C4CA69005BB7B7 /* ReminderListViewController.swift in Sources */ = {isa = PBXBuildFile; fileRef = 3D3EDB0127C4CA69005BB7B7 /* ReminderListViewController.swift */; };
		3D3EDB0527C4CA69005BB7B7 /* Main.storyboard in Resources */ = {isa = PBXBuildFile; fileRef = 3D3EDB0327C4CA69005BB7B7 /* Main.storyboard */; };
		3D3EDB0727C4CA6A005BB7B7 /* Assets.xcassets in Resources */ = {isa = PBXBuildFile; fileRef = 3D3EDB0627C4CA6A005BB7B7 /* Assets.xcassets */; };
		3D3EDB0A27C4CA6A005BB7B7 /* LaunchScreen.storyboard in Resources */ = {isa = PBXBuildFile; fileRef = 3D3EDB0827C4CA6A005BB7B7 /* LaunchScreen.storyboard */; };
		3D3EDB1427C4CAF4005BB7B7 /* Reminder.swift in Sources */ = {isa = PBXBuildFile; fileRef = 3D3EDB1327C4CAF4005BB7B7 /* Reminder.swift */; };
		3D3EDB1B27C4DC3E005BB7B7 /* ReminderListCell.swift in Sources */ = {isa = PBXBuildFile; fileRef = 3D3EDB1A27C4DC3E005BB7B7 /* ReminderListCell.swift */; };
		3D3EDB1D27C4E692005BB7B7 /* ReminderDetailViewController.swift in Sources */ = {isa = PBXBuildFile; fileRef = 3D3EDB1C27C4E692005BB7B7 /* ReminderDetailViewController.swift */; };
		3D3EDB1F27C4EC63005BB7B7 /* ReminderListDataSource.swift in Sources */ = {isa = PBXBuildFile; fileRef = 3D3EDB1E27C4EC63005BB7B7 /* ReminderListDataSource.swift */; };
		3D3EDB2227C4EF81005BB7B7 /* ReminderDetailViewDataSource.swift in Sources */ = {isa = PBXBuildFile; fileRef = 3D3EDB2127C4EF81005BB7B7 /* ReminderDetailViewDataSource.swift */; };
		3D3EDB2427C5F57C005BB7B7 /* EditTitleCell.swift in Sources */ = {isa = PBXBuildFile; fileRef = 3D3EDB2327C5F57C005BB7B7 /* EditTitleCell.swift */; };
		3D3EDB2627C5F5C0005BB7B7 /* EditDateCell.swift in Sources */ = {isa = PBXBuildFile; fileRef = 3D3EDB2527C5F5C0005BB7B7 /* EditDateCell.swift */; };
		3D3EDB2827C5F5EC005BB7B7 /* EditNotesCell.swift in Sources */ = {isa = PBXBuildFile; fileRef = 3D3EDB2727C5F5EC005BB7B7 /* EditNotesCell.swift */; };
		3D3EDB2A27C5F76A005BB7B7 /* ReminderDetailEditDataSource.swift in Sources */ = {isa = PBXBuildFile; fileRef = 3D3EDB2927C5F76A005BB7B7 /* ReminderDetailEditDataSource.swift */; };
/* End PBXBuildFile section */

/* Begin PBXFileReference section */
		3D3EDAFA27C4CA69005BB7B7 /* Remainder.app */ = {isa = PBXFileReference; explicitFileType = wrapper.application; includeInIndex = 0; path = Remainder.app; sourceTree = BUILT_PRODUCTS_DIR; };
		3D3EDAFD27C4CA69005BB7B7 /* AppDelegate.swift */ = {isa = PBXFileReference; lastKnownFileType = sourcecode.swift; path = AppDelegate.swift; sourceTree = "<group>"; };
		3D3EDAFF27C4CA69005BB7B7 /* SceneDelegate.swift */ = {isa = PBXFileReference; lastKnownFileType = sourcecode.swift; path = SceneDelegate.swift; sourceTree = "<group>"; };
		3D3EDB0127C4CA69005BB7B7 /* ReminderListViewController.swift */ = {isa = PBXFileReference; lastKnownFileType = sourcecode.swift; path = ReminderListViewController.swift; sourceTree = "<group>"; };
		3D3EDB0427C4CA69005BB7B7 /* Base */ = {isa = PBXFileReference; lastKnownFileType = file.storyboard; name = Base; path = Base.lproj/Main.storyboard; sourceTree = "<group>"; };
		3D3EDB0627C4CA6A005BB7B7 /* Assets.xcassets */ = {isa = PBXFileReference; lastKnownFileType = folder.assetcatalog; path = Assets.xcassets; sourceTree = "<group>"; };
		3D3EDB0927C4CA6A005BB7B7 /* Base */ = {isa = PBXFileReference; lastKnownFileType = file.storyboard; name = Base; path = Base.lproj/LaunchScreen.storyboard; sourceTree = "<group>"; };
		3D3EDB0B27C4CA6A005BB7B7 /* Info.plist */ = {isa = PBXFileReference; lastKnownFileType = text.plist.xml; path = Info.plist; sourceTree = "<group>"; };
		3D3EDB1327C4CAF4005BB7B7 /* Reminder.swift */ = {isa = PBXFileReference; lastKnownFileType = sourcecode.swift; path = Reminder.swift; sourceTree = "<group>"; };
		3D3EDB1A27C4DC3E005BB7B7 /* ReminderListCell.swift */ = {isa = PBXFileReference; lastKnownFileType = sourcecode.swift; path = ReminderListCell.swift; sourceTree = "<group>"; };
		3D3EDB1C27C4E692005BB7B7 /* ReminderDetailViewController.swift */ = {isa = PBXFileReference; lastKnownFileType = sourcecode.swift; path = ReminderDetailViewController.swift; sourceTree = "<group>"; };
		3D3EDB1E27C4EC63005BB7B7 /* ReminderListDataSource.swift */ = {isa = PBXFileReference; lastKnownFileType = sourcecode.swift; path = ReminderListDataSource.swift; sourceTree = "<group>"; };
		3D3EDB2127C4EF81005BB7B7 /* ReminderDetailViewDataSource.swift */ = {isa = PBXFileReference; lastKnownFileType = sourcecode.swift; path = ReminderDetailViewDataSource.swift; sourceTree = "<group>"; };
		3D3EDB2327C5F57C005BB7B7 /* EditTitleCell.swift */ = {isa = PBXFileReference; lastKnownFileType = sourcecode.swift; path = EditTitleCell.swift; sourceTree = "<group>"; };
		3D3EDB2527C5F5C0005BB7B7 /* EditDateCell.swift */ = {isa = PBXFileReference; lastKnownFileType = sourcecode.swift; path = EditDateCell.swift; sourceTree = "<group>"; };
		3D3EDB2727C5F5EC005BB7B7 /* EditNotesCell.swift */ = {isa = PBXFileReference; lastKnownFileType = sourcecode.swift; path = EditNotesCell.swift; sourceTree = "<group>"; };
		3D3EDB2927C5F76A005BB7B7 /* ReminderDetailEditDataSource.swift */ = {isa = PBXFileReference; lastKnownFileType = sourcecode.swift; path = ReminderDetailEditDataSource.swift; sourceTree = "<group>"; };
/* End PBXFileReference section */

/* Begin PBXFrameworksBuildPhase section */
		3D3EDAF727C4CA69005BB7B7 /* Frameworks */ = {
			isa = PBXFrameworksBuildPhase;
			buildActionMask = 2147483647;
			files = (
			);
			runOnlyForDeploymentPostprocessing = 0;
		};
/* End PBXFrameworksBuildPhase section */

/* Begin PBXGroup section */
		3D3EDAF127C4CA69005BB7B7 = {
			isa = PBXGroup;
			children = (
				3D3EDAFC27C4CA69005BB7B7 /* Remainder */,
				3D3EDAFB27C4CA69005BB7B7 /* Products */,
			);
			sourceTree = "<group>";
		};
		3D3EDAFB27C4CA69005BB7B7 /* Products */ = {
			isa = PBXGroup;
			children = (
				3D3EDAFA27C4CA69005BB7B7 /* Remainder.app */,
			);
			name = Products;
			sourceTree = "<group>";
		};
		3D3EDAFC27C4CA69005BB7B7 /* Remainder */ = {
			isa = PBXGroup;
			children = (
				3D3EDB1827C4CB23005BB7B7 /* Delegates */,
				3D3EDB1727C4CB16005BB7B7 /* Controllers */,
				3D3EDB1627C4CB0B005BB7B7 /* Data Models */,
				3D3EDB1527C4CB03005BB7B7 /* Storyboard */,
				3D3EDB0B27C4CA6A005BB7B7 /* Info.plist */,
			);
			path = Remainder;
			sourceTree = "<group>";
		};
		3D3EDB1527C4CB03005BB7B7 /* Storyboard */ = {
			isa = PBXGroup;
			children = (
				3D3EDB0327C4CA69005BB7B7 /* Main.storyboard */,
				3D3EDB0627C4CA6A005BB7B7 /* Assets.xcassets */,
				3D3EDB0827C4CA6A005BB7B7 /* LaunchScreen.storyboard */,
			);
			path = Storyboard;
			sourceTree = "<group>";
		};
		3D3EDB1627C4CB0B005BB7B7 /* Data Models */ = {
			isa = PBXGroup;
			children = (
				3D3EDB1327C4CAF4005BB7B7 /* Reminder.swift */,
			);
			path = "Data Models";
			sourceTree = "<group>";
		};
		3D3EDB1727C4CB16005BB7B7 /* Controllers */ = {
			isa = PBXGroup;
			children = (
				3D3EDB1927C4DC1E005BB7B7 /* View - Table Cell */,
				3D3EDB0127C4CA69005BB7B7 /* ReminderListViewController.swift */,
				3D3EDB1C27C4E692005BB7B7 /* ReminderDetailViewController.swift */,
				3D3EDB1E27C4EC63005BB7B7 /* ReminderListDataSource.swift */,
				3D3EDB2127C4EF81005BB7B7 /* ReminderDetailViewDataSource.swift */,
				3D3EDB2927C5F76A005BB7B7 /* ReminderDetailEditDataSource.swift */,
			);
			path = Controllers;
			sourceTree = "<group>";
		};
		3D3EDB1827C4CB23005BB7B7 /* Delegates */ = {
			isa = PBXGroup;
			children = (
				3D3EDAFD27C4CA69005BB7B7 /* AppDelegate.swift */,
				3D3EDAFF27C4CA69005BB7B7 /* SceneDelegate.swift */,
			);
			path = Delegates;
			sourceTree = "<group>";
		};
		3D3EDB1927C4DC1E005BB7B7 /* View - Table Cell */ = {
			isa = PBXGroup;
			children = (
				3D3EDB1A27C4DC3E005BB7B7 /* ReminderListCell.swift */,
				3D3EDB2327C5F57C005BB7B7 /* EditTitleCell.swift */,
				3D3EDB2527C5F5C0005BB7B7 /* EditDateCell.swift */,
				3D3EDB2727C5F5EC005BB7B7 /* EditNotesCell.swift */,
			);
			path = "View - Table Cell";
			sourceTree = "<group>";
		};
/* End PBXGroup section */

/* Begin PBXNativeTarget section */
		3D3EDAF927C4CA69005BB7B7 /* Remainder */ = {
			isa = PBXNativeTarget;
			buildConfigurationList = 3D3EDB0E27C4CA6A005BB7B7 /* Build configuration list for PBXNativeTarget "Remainder" */;
			buildPhases = (
				3D3EDAF627C4CA69005BB7B7 /* Sources */,
				3D3EDAF727C4CA69005BB7B7 /* Frameworks */,
				3D3EDAF827C4CA69005BB7B7 /* Resources */,
			);
			buildRules = (
			);
			dependencies = (
			);
			name = Remainder;
			productName = Remainder;
			productReference = 3D3EDAFA27C4CA69005BB7B7 /* Remainder.app */;
			productType = "com.apple.product-type.application";
		};
/* End PBXNativeTarget section */

/* Begin PBXProject section */
		3D3EDAF227C4CA69005BB7B7 /* Project object */ = {
			isa = PBXProject;
			attributes = {
				BuildIndependentTargetsInParallel = 1;
				LastSwiftUpdateCheck = 1320;
				LastUpgradeCheck = 1320;
				TargetAttributes = {
					3D3EDAF927C4CA69005BB7B7 = {
						CreatedOnToolsVersion = 13.2.1;
					};
				};
			};
			buildConfigurationList = 3D3EDAF527C4CA69005BB7B7 /* Build configuration list for PBXProject "Remainder" */;
			compatibilityVersion = "Xcode 13.0";
			developmentRegion = en;
			hasScannedForEncodings = 0;
			knownRegions = (
				en,
				Base,
			);
			mainGroup = 3D3EDAF127C4CA69005BB7B7;
			productRefGroup = 3D3EDAFB27C4CA69005BB7B7 /* Products */;
			projectDirPath = "";
			projectRoot = "";
			targets = (
				3D3EDAF927C4CA69005BB7B7 /* Remainder */,
			);
		};
/* End PBXProject section */

/* Begin PBXResourcesBuildPhase section */
		3D3EDAF827C4CA69005BB7B7 /* Resources */ = {
			isa = PBXResourcesBuildPhase;
			buildActionMask = 2147483647;
			files = (
				3D3EDB0A27C4CA6A005BB7B7 /* LaunchScreen.storyboard in Resources */,
				3D3EDB0727C4CA6A005BB7B7 /* Assets.xcassets in Resources */,
				3D3EDB0527C4CA69005BB7B7 /* Main.storyboard in Resources */,
			);
			runOnlyForDeploymentPostprocessing = 0;
		};
/* End PBXResourcesBuildPhase section */

/* Begin PBXSourcesBuildPhase section */
		3D3EDAF627C4CA69005BB7B7 /* Sources */ = {
			isa = PBXSourcesBuildPhase;
			buildActionMask = 2147483647;
			files = (
				3D3EDB0227C4CA69005BB7B7 /* ReminderListViewController.swift in Sources */,
				3D3EDB1B27C4DC3E005BB7B7 /* ReminderListCell.swift in Sources */,
				3D3EDB2427C5F57C005BB7B7 /* EditTitleCell.swift in Sources */,
				3D3EDAFE27C4CA69005BB7B7 /* AppDelegate.swift in Sources */,
				3D3EDB1D27C4E692005BB7B7 /* ReminderDetailViewController.swift in Sources */,
				3D3EDB2227C4EF81005BB7B7 /* ReminderDetailViewDataSource.swift in Sources */,
				3D3EDB0027C4CA69005BB7B7 /* SceneDelegate.swift in Sources */,
				3D3EDB2827C5F5EC005BB7B7 /* EditNotesCell.swift in Sources */,
				3D3EDB2627C5F5C0005BB7B7 /* EditDateCell.swift in Sources */,
				3D3EDB1427C4CAF4005BB7B7 /* Reminder.swift in Sources */,
				3D3EDB1F27C4EC63005BB7B7 /* ReminderListDataSource.swift in Sources */,
				3D3EDB2A27C5F76A005BB7B7 /* ReminderDetailEditDataSource.swift in Sources */,
			);
			runOnlyForDeploymentPostprocessing = 0;
		};
/* End PBXSourcesBuildPhase section */

/* Begin PBXVariantGroup section */
		3D3EDB0327C4CA69005BB7B7 /* Main.storyboard */ = {
			isa = PBXVariantGroup;
			children = (
				3D3EDB0427C4CA69005BB7B7 /* Base */,
			);
			name = Main.storyboard;
			sourceTree = "<group>";
		};
		3D3EDB0827C4CA6A005BB7B7 /* LaunchScreen.storyboard */ = {
			isa = PBXVariantGroup;
			children = (
				3D3EDB0927C4CA6A005BB7B7 /* Base */,
			);
			name = LaunchScreen.storyboard;
			sourceTree = "<group>";
		};
/* End PBXVariantGroup section */

/* Begin XCBuildConfiguration section */
		3D3EDB0C27C4CA6A005BB7B7 /* Debug */ = {
			isa = XCBuildConfiguration;
			buildSettings = {
				ALWAYS_SEARCH_USER_PATHS = NO;
				CLANG_ANALYZER_NONNULL = YES;
				CLANG_ANALYZER_NUMBER_OBJECT_CONVERSION = YES_AGGRESSIVE;
				CLANG_CXX_LANGUAGE_STANDARD = "gnu++17";
				CLANG_CXX_LIBRARY = "libc++";
				CLANG_ENABLE_MODULES = YES;
				CLANG_ENABLE_OBJC_ARC = YES;
				CLANG_ENABLE_OBJC_WEAK = YES;
				CLANG_WARN_BLOCK_CAPTURE_AUTORELEASING = YES;
				CLANG_WARN_BOOL_CONVERSION = YES;
				CLANG_WARN_COMMA = YES;
				CLANG_WARN_CONSTANT_CONVERSION = YES;
				CLANG_WARN_DEPRECATED_OBJC_IMPLEMENTATIONS = YES;
				CLANG_WARN_DIRECT_OBJC_ISA_USAGE = YES_ERROR;
				CLANG_WARN_DOCUMENTATION_COMMENTS = YES;
				CLANG_WARN_EMPTY_BODY = YES;
				CLANG_WARN_ENUM_CONVERSION = YES;
				CLANG_WARN_INFINITE_RECURSION = YES;
				CLANG_WARN_INT_CONVERSION = YES;
				CLANG_WARN_NON_LITERAL_NULL_CONVERSION = YES;
				CLANG_WARN_OBJC_IMPLICIT_RETAIN_SELF = YES;
				CLANG_WARN_OBJC_LITERAL_CONVERSION = YES;
				CLANG_WARN_OBJC_ROOT_CLASS = YES_ERROR;
				CLANG_WARN_QUOTED_INCLUDE_IN_FRAMEWORK_HEADER = YES;
				CLANG_WARN_RANGE_LOOP_ANALYSIS = YES;
				CLANG_WARN_STRICT_PROTOTYPES = YES;
				CLANG_WARN_SUSPICIOUS_MOVE = YES;
				CLANG_WARN_UNGUARDED_AVAILABILITY = YES_AGGRESSIVE;
				CLANG_WARN_UNREACHABLE_CODE = YES;
				CLANG_WARN__DUPLICATE_METHOD_MATCH = YES;
				COPY_PHASE_STRIP = NO;
				DEBUG_INFORMATION_FORMAT = dwarf;
				ENABLE_STRICT_OBJC_MSGSEND = YES;
				ENABLE_TESTABILITY = YES;
				GCC_C_LANGUAGE_STANDARD = gnu11;
				GCC_DYNAMIC_NO_PIC = NO;
				GCC_NO_COMMON_BLOCKS = YES;
				GCC_OPTIMIZATION_LEVEL = 0;
				GCC_PREPROCESSOR_DEFINITIONS = (
					"DEBUG=1",
					"$(inherited)",
				);
				GCC_WARN_64_TO_32_BIT_CONVERSION = YES;
				GCC_WARN_ABOUT_RETURN_TYPE = YES_ERROR;
				GCC_WARN_UNDECLARED_SELECTOR = YES;
				GCC_WARN_UNINITIALIZED_AUTOS = YES_AGGRESSIVE;
				GCC_WARN_UNUSED_FUNCTION = YES;
				GCC_WARN_UNUSED_VARIABLE = YES;
				IPHONEOS_DEPLOYMENT_TARGET = 15.2;
				MTL_ENABLE_DEBUG_INFO = INCLUDE_SOURCE;
				MTL_FAST_MATH = YES;
				ONLY_ACTIVE_ARCH = YES;
				SDKROOT = iphoneos;
				SWIFT_ACTIVE_COMPILATION_CONDITIONS = DEBUG;
				SWIFT_OPTIMIZATION_LEVEL = "-Onone";
			};
			name = Debug;
		};
		3D3EDB0D27C4CA6A005BB7B7 /* Release */ = {
			isa = XCBuildConfiguration;
			buildSettings = {
				ALWAYS_SEARCH_USER_PATHS = NO;
				CLANG_ANALYZER_NONNULL = YES;
				CLANG_ANALYZER_NUMBER_OBJECT_CONVERSION = YES_AGGRESSIVE;
				CLANG_CXX_LANGUAGE_STANDARD = "gnu++17";
				CLANG_CXX_LIBRARY = "libc++";
				CLANG_ENABLE_MODULES = YES;
				CLANG_ENABLE_OBJC_ARC = YES;
				CLANG_ENABLE_OBJC_WEAK = YES;
				CLANG_WARN_BLOCK_CAPTURE_AUTORELEASING = YES;
				CLANG_WARN_BOOL_CONVERSION = YES;
				CLANG_WARN_COMMA = YES;
				CLANG_WARN_CONSTANT_CONVERSION = YES;
				CLANG_WARN_DEPRECATED_OBJC_IMPLEMENTATIONS = YES;
				CLANG_WARN_DIRECT_OBJC_ISA_USAGE = YES_ERROR;
				CLANG_WARN_DOCUMENTATION_COMMENTS = YES;
				CLANG_WARN_EMPTY_BODY = YES;
				CLANG_WARN_ENUM_CONVERSION = YES;
				CLANG_WARN_INFINITE_RECURSION = YES;
				CLANG_WARN_INT_CONVERSION = YES;
				CLANG_WARN_NON_LITERAL_NULL_CONVERSION = YES;
				CLANG_WARN_OBJC_IMPLICIT_RETAIN_SELF = YES;
				CLANG_WARN_OBJC_LITERAL_CONVERSION = YES;
				CLANG_WARN_OBJC_ROOT_CLASS = YES_ERROR;
				CLANG_WARN_QUOTED_INCLUDE_IN_FRAMEWORK_HEADER = YES;
				CLANG_WARN_RANGE_LOOP_ANALYSIS = YES;
				CLANG_WARN_STRICT_PROTOTYPES = YES;
				CLANG_WARN_SUSPICIOUS_MOVE = YES;
				CLANG_WARN_UNGUARDED_AVAILABILITY = YES_AGGRESSIVE;
				CLANG_WARN_UNREACHABLE_CODE = YES;
				CLANG_WARN__DUPLICATE_METHOD_MATCH = YES;
				COPY_PHASE_STRIP = NO;
				DEBUG_INFORMATION_FORMAT = "dwarf-with-dsym";
				ENABLE_NS_ASSERTIONS = NO;
				ENABLE_STRICT_OBJC_MSGSEND = YES;
				GCC_C_LANGUAGE_STANDARD = gnu11;
				GCC_NO_COMMON_BLOCKS = YES;
				GCC_WARN_64_TO_32_BIT_CONVERSION = YES;
				GCC_WARN_ABOUT_RETURN_TYPE = YES_ERROR;
				GCC_WARN_UNDECLARED_SELECTOR = YES;
				GCC_WARN_UNINITIALIZED_AUTOS = YES_AGGRESSIVE;
				GCC_WARN_UNUSED_FUNCTION = YES;
				GCC_WARN_UNUSED_VARIABLE = YES;
				IPHONEOS_DEPLOYMENT_TARGET = 15.2;
				MTL_ENABLE_DEBUG_INFO = NO;
				MTL_FAST_MATH = YES;
				SDKROOT = iphoneos;
				SWIFT_COMPILATION_MODE = wholemodule;
				SWIFT_OPTIMIZATION_LEVEL = "-O";
				VALIDATE_PRODUCT = YES;
			};
			name = Release;
		};
		3D3EDB0F27C4CA6A005BB7B7 /* Debug */ = {
			isa = XCBuildConfiguration;
			buildSettings = {
				ASSETCATALOG_COMPILER_APPICON_NAME = AppIcon;
				ASSETCATALOG_COMPILER_GLOBAL_ACCENT_COLOR_NAME = AccentColor;
				CODE_SIGN_STYLE = Automatic;
				CURRENT_PROJECT_VERSION = 1;
				GENERATE_INFOPLIST_FILE = YES;
				INFOPLIST_FILE = Remainder/Info.plist;
				INFOPLIST_KEY_UIApplicationSupportsIndirectInputEvents = YES;
				INFOPLIST_KEY_UILaunchStoryboardName = LaunchScreen;
				INFOPLIST_KEY_UIMainStoryboardFile = Main;
				INFOPLIST_KEY_UISupportedInterfaceOrientations_iPad = "UIInterfaceOrientationPortrait UIInterfaceOrientationPortraitUpsideDown UIInterfaceOrientationLandscapeLeft UIInterfaceOrientationLandscapeRight";
				INFOPLIST_KEY_UISupportedInterfaceOrientations_iPhone = "UIInterfaceOrientationPortrait UIInterfaceOrientationLandscapeLeft UIInterfaceOrientationLandscapeRight";
				LD_RUNPATH_SEARCH_PATHS = (
					"$(inherited)",
					"@executable_path/Frameworks",
				);
				MARKETING_VERSION = 1.0;
				PRODUCT_BUNDLE_IDENTIFIER = com.maheshwaran.Remainder;
				PRODUCT_NAME = "$(TARGET_NAME)";
				SWIFT_EMIT_LOC_STRINGS = YES;
				SWIFT_VERSION = 5.0;
				TARGETED_DEVICE_FAMILY = "1,2";
			};
			name = Debug;
		};
		3D3EDB1027C4CA6A005BB7B7 /* Release */ = {
			isa = XCBuildConfiguration;
			buildSettings = {
				ASSETCATALOG_COMPILER_APPICON_NAME = AppIcon;
				ASSETCATALOG_COMPILER_GLOBAL_ACCENT_COLOR_NAME = AccentColor;
				CODE_SIGN_STYLE = Automatic;
				CURRENT_PROJECT_VERSION = 1;
				GENERATE_INFOPLIST_FILE = YES;
				INFOPLIST_FILE = Remainder/Info.plist;
				INFOPLIST_KEY_UIApplicationSupportsIndirectInputEvents = YES;
				INFOPLIST_KEY_UILaunchStoryboardName = LaunchScreen;
				INFOPLIST_KEY_UIMainStoryboardFile = Main;
				INFOPLIST_KEY_UISupportedInterfaceOrientations_iPad = "UIInterfaceOrientationPortrait UIInterfaceOrientationPortraitUpsideDown UIInterfaceOrientationLandscapeLeft UIInterfaceOrientationLandscapeRight";
				INFOPLIST_KEY_UISupportedInterfaceOrientations_iPhone = "UIInterfaceOrientationPortrait UIInterfaceOrientationLandscapeLeft UIInterfaceOrientationLandscapeRight";
				LD_RUNPATH_SEARCH_PATHS = (
					"$(inherited)",
					"@executable_path/Frameworks",
				);
				MARKETING_VERSION = 1.0;
				PRODUCT_BUNDLE_IDENTIFIER = com.maheshwaran.Remainder;
				PRODUCT_NAME = "$(TARGET_NAME)";
				SWIFT_EMIT_LOC_STRINGS = YES;
				SWIFT_VERSION = 5.0;
				TARGETED_DEVICE_FAMILY = "1,2";
			};
			name = Release;
		};
/* End XCBuildConfiguration section */

/* Begin XCConfigurationList section */
		3D3EDAF527C4CA69005BB7B7 /* Build configuration list for PBXProject "Remainder" */ = {
			isa = XCConfigurationList;
			buildConfigurations = (
				3D3EDB0C27C4CA6A005BB7B7 /* Debug */,
				3D3EDB0D27C4CA6A005BB7B7 /* Release */,
			);
			defaultConfigurationIsVisible = 0;
			defaultConfigurationName = Release;
		};
		3D3EDB0E27C4CA6A005BB7B7 /* Build configuration list for PBXNativeTarget "Remainder" */ = {
			isa = XCConfigurationList;
			buildConfigurations = (
				3D3EDB0F27C4CA6A005BB7B7 /* Debug */,
				3D3EDB1027C4CA6A005BB7B7 /* Release */,
			);
			defaultConfigurationIsVisible = 0;
			defaultConfigurationName = Release;
		};
/* End XCConfigurationList section */
	};
	rootObject = 3D3EDAF227C4CA69005BB7B7 /* Project object */;
}
